
Microsoft Visual Studio Solution File, Format Version 12.00
# Visual Studio Version 16
VisualStudioVersion = 16.0.30204.135
MinimumVisualStudioVersion = 10.0.40219.1
Project("{FAE04EC0-301F-11D3-BF4B-00C04F79EFBC}") = "Ovikello", "Ovikello\Ovikello.csproj", "{FA4FA89F-A1CC-4C48-8E31-E751ADE7716B}"
EndProject
Global
	GlobalSection(SolutionConfigurationPlatforms) = preSolution
		Debug|Any CPU = Debug|Any CPU
		Release|Any CPU = Release|Any CPU
	EndGlobalSection
	GlobalSection(ProjectConfigurationPlatforms) = postSolution
		{FA4FA89F-A1CC-4C48-8E31-E751ADE7716B}.Debug|Any CPU.ActiveCfg = Debug|Any CPU
		{FA4FA89F-A1CC-4C48-8E31-E751ADE7716B}.Debug|Any CPU.Build.0 = Debug|Any CPU
		{FA4FA89F-A1CC-4C48-8E31-E751ADE7716B}.Release|Any CPU.ActiveCfg = Release|Any CPU
		{FA4FA89F-A1CC-4C48-8E31-E751ADE7716B}.Release|Any CPU.Build.0 = Release|Any CPU
	EndGlobalSection
	GlobalSection(SolutionProperties) = preSolution
		HideSolutionNode = FALSE
	EndGlobalSection
	GlobalSection(ExtensibilityGlobals) = postSolution
		SolutionGuid = {2071E5E3-2385-4291-AFB5-3D0F40F22192}
	EndGlobalSection
EndGlobal
